
Microsoft Visual Studio Solution File, Format Version 12.00
# Visual Studio Version 17
VisualStudioVersion = 17.6.33723.286
MinimumVisualStudioVersion = 10.0.40219.1
Project("{FAE04EC0-301F-11D3-BF4B-00C04F79EFBC}") = "MusicDLWin", "SpotDLWin\MusicDLWin.csproj", "{14B3C95F-9016-45B2-9653-138278299C0A}"
EndProject
Project("{2150E333-8FDC-42A3-9474-1A3956D46DE8}") = "Solution Items", "Solution Items", "{BF9CD940-B3FA-4300-9397-ABFDABA81445}"
	ProjectSection(SolutionItems) = preProject
		.editorconfig = .editorconfig
	EndProjectSection
EndProject
Project("{54435603-DBB4-11D2-8724-00A0C9A8B90C}") = "MusicDLSetUp", "MusicDLSetUp\MusicDLSetUp.vdproj", "{A7176055-414F-4513-80CC-C7922717DC7B}"
EndProject
Global
	GlobalSection(SolutionConfigurationPlatforms) = preSolution
		Debug|Any CPU = Debug|Any CPU
		Debug|x64 = Debug|x64
		Release|Any CPU = Release|Any CPU
		Release|x64 = Release|x64
	EndGlobalSection
	GlobalSection(ProjectConfigurationPlatforms) = postSolution
		{14B3C95F-9016-45B2-9653-138278299C0A}.Debug|Any CPU.ActiveCfg = Debug|Any CPU
		{14B3C95F-9016-45B2-9653-138278299C0A}.Debug|Any CPU.Build.0 = Debug|Any CPU
		{14B3C95F-9016-45B2-9653-138278299C0A}.Debug|x64.ActiveCfg = Debug|x64
		{14B3C95F-9016-45B2-9653-138278299C0A}.Debug|x64.Build.0 = Debug|x64
		{14B3C95F-9016-45B2-9653-138278299C0A}.Release|Any CPU.ActiveCfg = Release|Any CPU
		{14B3C95F-9016-45B2-9653-138278299C0A}.Release|Any CPU.Build.0 = Release|Any CPU
		{14B3C95F-9016-45B2-9653-138278299C0A}.Release|x64.ActiveCfg = Release|x64
		{14B3C95F-9016-45B2-9653-138278299C0A}.Release|x64.Build.0 = Release|x64
		{A7176055-414F-4513-80CC-C7922717DC7B}.Debug|Any CPU.ActiveCfg = Debug
		{A7176055-414F-4513-80CC-C7922717DC7B}.Debug|x64.ActiveCfg = Debug
		{A7176055-414F-4513-80CC-C7922717DC7B}.Release|Any CPU.ActiveCfg = Release
		{A7176055-414F-4513-80CC-C7922717DC7B}.Release|x64.ActiveCfg = Release
	EndGlobalSection
	GlobalSection(SolutionProperties) = preSolution
		HideSolutionNode = FALSE
	EndGlobalSection
	GlobalSection(ExtensibilityGlobals) = postSolution
		SolutionGuid = {E55F676E-C103-456A-A2DA-6DD58CCA6688}
	EndGlobalSection
EndGlobal
