
Microsoft Visual Studio Solution File, Format Version 12.00
# Visual Studio Version 17
VisualStudioVersion = 17.6.33723.286
MinimumVisualStudioVersion = 10.0.40219.1
Project("{FAE04EC0-301F-11D3-BF4B-00C04F79EFBC}") = "SpotDLWin", "SpotDLWin\SpotDLWin.csproj", "{14B3C95F-9016-45B2-9653-138278299C0A}"
EndProject
Global
	GlobalSection(SolutionConfigurationPlatforms) = preSolution
		Debug|Any CPU = Debug|Any CPU
		Release|Any CPU = Release|Any CPU
	EndGlobalSection
	GlobalSection(ProjectConfigurationPlatforms) = postSolution
		{14B3C95F-9016-45B2-9653-138278299C0A}.Debug|Any CPU.ActiveCfg = Debug|Any CPU
		{14B3C95F-9016-45B2-9653-138278299C0A}.Debug|Any CPU.Build.0 = Debug|Any CPU
		{14B3C95F-9016-45B2-9653-138278299C0A}.Release|Any CPU.ActiveCfg = Release|Any CPU
		{14B3C95F-9016-45B2-9653-138278299C0A}.Release|Any CPU.Build.0 = Release|Any CPU
	EndGlobalSection
	GlobalSection(SolutionProperties) = preSolution
		HideSolutionNode = FALSE
	EndGlobalSection
	GlobalSection(ExtensibilityGlobals) = postSolution
		SolutionGuid = {E55F676E-C103-456A-A2DA-6DD58CCA6688}
	EndGlobalSection
EndGlobal
